
Microsoft Visual Studio Solution File, Format Version 10.00
# Visual Studio 2008
Project("{FAE04EC0-301F-11D3-BF4B-00C04F79EFBC}") = "NavegaLogin", "NavegaLogin\NavegaLogin.csproj", "{F15DE3C0-D04D-4B04-A21F-460705E5AE69}"
EndProject
Global
	GlobalSection(SolutionConfigurationPlatforms) = preSolution
		Debug|Any CPU = Debug|Any CPU
		Release|Any CPU = Release|Any CPU
	EndGlobalSection
	GlobalSection(ProjectConfigurationPlatforms) = postSolution
		{F15DE3C0-D04D-4B04-A21F-460705E5AE69}.Debug|Any CPU.ActiveCfg = Debug|Any CPU
		{F15DE3C0-D04D-4B04-A21F-460705E5AE69}.Debug|Any CPU.Build.0 = Debug|Any CPU
		{F15DE3C0-D04D-4B04-A21F-460705E5AE69}.Release|Any CPU.ActiveCfg = Release|Any CPU
		{F15DE3C0-D04D-4B04-A21F-460705E5AE69}.Release|Any CPU.Build.0 = Release|Any CPU
	EndGlobalSection
	GlobalSection(SolutionProperties) = preSolution
		HideSolutionNode = FALSE
	EndGlobalSection
EndGlobal
